github.com/GreenFuze/go-mcache v0.0.0-20221207080506-8034db3d9647 h1:d7QpF9rd5sCmQhN5BSbjf8ofbQbFMqmZoQDipahLPD4=
github.com/GreenFuze/go-mcache v0.0.0-20221207080506-8034db3d9647/go.mod h1:EQ0/870bGIuf4/tWri44NgO5bOKmGLYh9jXCPngtfTc=
github.com/OrlovEvgeny/go-mcache v0.0.0-20200121124330-1a8195b34f3a h1:Cf4CrDeyrIcuIiJZEZJAH5dapqQ6J3OmP/vHPbDjaFA=
github.com/OrlovEvgeny/go-mcache v0.0.0-20200121124330-1a8195b34f3a/go.mod h1:ig6eVXkYn/9dz0Vm8UdLf+E0u1bE6kBSn3n2hqk6jas=
github.com/davecgh/go-spew v1.1.0/go.mod h1:J7Y8YcW2NihsgmVo/mv3lAwl/skON4iLHjSsI+c5H38=
github.com/davecgh/go-spew v1.1.1/go.mod h1:J7Y8YcW2NihsgmVo/mv3lAwl/skON4iLHjSsI+c5H38=
github.com/fatih/structtag v1.2.0 h1:/OdNE99OxoI/PqaW/SuSK9uxxT3f/tcSZgon/ssNSx4=
github.com/fatih/structtag v1.2.0/go.mod h1:mBJUNpUnHmRKrKlQQlmCrh5PuhftFbNv8Ys4/aAZl94=
github.com/kevinma2010/astparser v0.0.0-20220911143635-3d191bfbebeb h1:bHLPc+r6JYGSC9tlVK8VKSMw01QBdAgF9ZMRHAwICPM=
github.com/kevinma2010/astparser v0.0.0-20220911143635-3d191bfbebeb/go.mod h1:PqWifNazpe+D7gKeTuPmDYXvRk+J0fr5pjB17t4Cr9s=
github.com/pmezard/go-difflib v1.0.0/go.mod h1:iKH77koFhYxTK1pcRnkKkqfTogsbg7gZNVY4sRDYZ/4=
github.com/stretchr/objx v0.1.0/go.mod h1:HFkY916IF+rwdDfMAkV7OtwuqBVzrE8GR6GFx+wExME=
github.com/stretchr/objx v0.4.0/go.mod h1:YvHI0jy2hoMjB+UWwv71VJQ9isScKT/TqJzVSSt89Yw=
github.com/stretchr/testify v1.7.1/go.mod h1:6Fq8oRcR53rry900zMqJjRRixrwX3KX962/h/Wwjteg=
github.com/stretchr/testify v1.8.0/go.mod h1:yNjHg4UonilssWZ8iaSj1OCr/vHnekPRkoO+kdMU+MU=
github.com/wzshiming/gotype v0.7.3 h1:Wm4qSJ46BM7EeM1q1r65Vdt2OpSlKGZt3ZEkVPnLbpc=
github.com/wzshiming/gotype v0.7.3/go.mod h1:7YULvVsDObRVX2U6iUcF5hixYvHFavLsTSIW26c5GLM=
gopkg.in/check.v1 v0.0.0-20161208181325-20d25e280405/go.mod h1:Co6ibVJAznAaIkqp8huTwlJQCZ016jof/cbN4VW5Yz0=
gopkg.in/yaml.v3 v3.0.0-20200313102051-9f266ea9e77c/go.mod h1:K4uyk7z7BCEPqu6E+C64Yfv1cQ7kz7rIZviUmN+EgEM=
gopkg.in/yaml.v3 v3.0.1/go.mod h1:K4uyk7z7BCEPqu6E+C64Yfv1cQ7kz7rIZviUmN+EgEM=
